// !$*UTF8*$!
{
	archiveVersion = 1;
	classes = {
	};
	objectVersion = 46;
	objects = {

/* Begin PBXBuildFile section */
		010E75F71EB18E9000DD2724 /* AppDelegate.swift in Sources */ = {isa = PBXBuildFile; fileRef = 010E75F61EB18E9000DD2724 /* AppDelegate.swift */; };
		010E75F91EB18E9000DD2724 /* ViewController.swift in Sources */ = {isa = PBXBuildFile; fileRef = 010E75F81EB18E9000DD2724 /* ViewController.swift */; };
		010E75FC1EB18E9000DD2724 /* Main.storyboard in Resources */ = {isa = PBXBuildFile; fileRef = 010E75FA1EB18E9000DD2724 /* Main.storyboard */; };
		010E75FE1EB18E9000DD2724 /* Assets.xcassets in Resources */ = {isa = PBXBuildFile; fileRef = 010E75FD1EB18E9000DD2724 /* Assets.xcassets */; };
		010E76011EB18E9000DD2724 /* LaunchScreen.storyboard in Resources */ = {isa = PBXBuildFile; fileRef = 010E75FF1EB18E9000DD2724 /* LaunchScreen.storyboard */; };
		010E760C1EB18E9000DD2724 /* Prueba1Tests.swift in Sources */ = {isa = PBXBuildFile; fileRef = 010E760B1EB18E9000DD2724 /* Prueba1Tests.swift */; };
		010E76171EB18E9000DD2724 /* Prueba1UITests.swift in Sources */ = {isa = PBXBuildFile; fileRef = 010E76161EB18E9000DD2724 /* Prueba1UITests.swift */; };
/* End PBXBuildFile section */

/* Begin PBXContainerItemProxy section */
		010E76081EB18E9000DD2724 /* PBXContainerItemProxy */ = {
			isa = PBXContainerItemProxy;
			containerPortal = 010E75EB1EB18E9000DD2724 /* Project object */;
			proxyType = 1;
			remoteGlobalIDString = 010E75F21EB18E9000DD2724;
			remoteInfo = Prueba1;
		};
		010E76131EB18E9000DD2724 /* PBXContainerItemProxy */ = {
			isa = PBXContainerItemProxy;
			containerPortal = 010E75EB1EB18E9000DD2724 /* Project object */;
			proxyType = 1;
			remoteGlobalIDString = 010E75F21EB18E9000DD2724;
			remoteInfo = Prueba1;
		};
/* End PBXContainerItemProxy section */

/* Begin PBXFileReference section */
		010E75F31EB18E9000DD2724 /* Prueba1.app */ = {isa = PBXFileReference; explicitFileType = wrapper.application; includeInIndex = 0; path = Prueba1.app; sourceTree = BUILT_PRODUCTS_DIR; };
		010E75F61EB18E9000DD2724 /* AppDelegate.swift */ = {isa = PBXFileReference; lastKnownFileType = sourcecode.swift; path = AppDelegate.swift; sourceTree = "<group>"; };
		010E75F81EB18E9000DD2724 /* ViewController.swift */ = {isa = PBXFileReference; lastKnownFileType = sourcecode.swift; path = ViewController.swift; sourceTree = "<group>"; };
		010E75FB1EB18E9000DD2724 /* Base */ = {isa = PBXFileReference; lastKnownFileType = file.storyboard; name = Base; path = Base.lproj/Main.storyboard; sourceTree = "<group>"; };
		010E75FD1EB18E9000DD2724 /* Assets.xcassets */ = {isa = PBXFileReference; lastKnownFileType = folder.assetcatalog; path = Assets.xcassets; sourceTree = "<group>"; };
		010E76001EB18E9000DD2724 /* Base */ = {isa = PBXFileReference; lastKnownFileType = file.storyboard; name = Base; path = Base.lproj/LaunchScreen.storyboard; sourceTree = "<group>"; };
		010E76021EB18E9000DD2724 /* Info.plist */ = {isa = PBXFileReference; lastKnownFileType = text.plist.xml; path = Info.plist; sourceTree = "<group>"; };
		010E76071EB18E9000DD2724 /* Prueba1Tests.xctest */ = {isa = PBXFileReference; explicitFileType = wrapper.cfbundle; includeInIndex = 0; path = Prueba1Tests.xctest; sourceTree = BUILT_PRODUCTS_DIR; };
		010E760B1EB18E9000DD2724 /* Prueba1Tests.swift */ = {isa = PBXFileReference; lastKnownFileType = sourcecode.swift; path = Prueba1Tests.swift; sourceTree = "<group>"; };
		010E760D1EB18E9000DD2724 /* Info.plist */ = {isa = PBXFileReference; lastKnownFileType = text.plist.xml; path = Info.plist; sourceTree = "<group>"; };
		010E76121EB18E9000DD2724 /* Prueba1UITests.xctest */ = {isa = PBXFileReference; explicitFileType = wrapper.cfbundle; includeInIndex = 0; path = Prueba1UITests.xctest; sourceTree = BUILT_PRODUCTS_DIR; };
		010E76161EB18E9000DD2724 /* Prueba1UITests.swift */ = {isa = PBXFileReference; lastKnownFileType = sourcecode.swift; path = Prueba1UITests.swift; sourceTree = "<group>"; };
		010E76181EB18E9000DD2724 /* Info.plist */ = {isa = PBXFileReference; lastKnownFileType = text.plist.xml; path = Info.plist; sourceTree = "<group>"; };
/* End PBXFileReference section */

/* Begin PBXFrameworksBuildPhase section */
		010E75F01EB18E9000DD2724 /* Frameworks */ = {
			isa = PBXFrameworksBuildPhase;
			buildActionMask = 2147483647;
			files = (
			);
			runOnlyForDeploymentPostprocessing = 0;
		};
		010E76041EB18E9000DD2724 /* Frameworks */ = {
			isa = PBXFrameworksBuildPhase;
			buildActionMask = 2147483647;
			files = (
			);
			runOnlyForDeploymentPostprocessing = 0;
		};
		010E760F1EB18E9000DD2724 /* Frameworks */ = {
			isa = PBXFrameworksBuildPhase;
			buildActionMask = 2147483647;
			files = (
			);
			runOnlyForDeploymentPostprocessing = 0;
		};
/* End PBXFrameworksBuildPhase section */

/* Begin PBXGroup section */
		010E75EA1EB18E9000DD2724 = {
			isa = PBXGroup;
			children = (
				010E75F51EB18E9000DD2724 /* Prueba1 */,
				010E760A1EB18E9000DD2724 /* Prueba1Tests */,
				010E76151EB18E9000DD2724 /* Prueba1UITests */,
				010E75F41EB18E9000DD2724 /* Products */,
			);
			sourceTree = "<group>";
		};
		010E75F41EB18E9000DD2724 /* Products */ = {
			isa = PBXGroup;
			children = (
				010E75F31EB18E9000DD2724 /* Prueba1.app */,
				010E76071EB18E9000DD2724 /* Prueba1Tests.xctest */,
				010E76121EB18E9000DD2724 /* Prueba1UITests.xctest */,
			);
			name = Products;
			sourceTree = "<group>";
		};
		010E75F51EB18E9000DD2724 /* Prueba1 */ = {
			isa = PBXGroup;
			children = (
				010E75F61EB18E9000DD2724 /* AppDelegate.swift */,
				010E75F81EB18E9000DD2724 /* ViewController.swift */,
				010E75FA1EB18E9000DD2724 /* Main.storyboard */,
				010E75FD1EB18E9000DD2724 /* Assets.xcassets */,
				010E75FF1EB18E9000DD2724 /* LaunchScreen.storyboard */,
				010E76021EB18E9000DD2724 /* Info.plist */,
			);
			path = Prueba1;
			sourceTree = "<group>";
		};
		010E760A1EB18E9000DD2724 /* Prueba1Tests */ = {
			isa = PBXGroup;
			children = (
				010E760B1EB18E9000DD2724 /* Prueba1Tests.swift */,
				010E760D1EB18E9000DD2724 /* Info.plist */,
			);
			path = Prueba1Tests;
			sourceTree = "<group>";
		};
		010E76151EB18E9000DD2724 /* Prueba1UITests */ = {
			isa = PBXGroup;
			children = (
				010E76161EB18E9000DD2724 /* Prueba1UITests.swift */,
				010E76181EB18E9000DD2724 /* Info.plist */,
			);
			path = Prueba1UITests;
			sourceTree = "<group>";
		};
/* End PBXGroup section */

/* Begin PBXNativeTarget section */
		010E75F21EB18E9000DD2724 /* Prueba1 */ = {
			isa = PBXNativeTarget;
			buildConfigurationList = 010E761B1EB18E9000DD2724 /* Build configuration list for PBXNativeTarget "Prueba1" */;
			buildPhases = (
				010E75EF1EB18E9000DD2724 /* Sources */,
				010E75F01EB18E9000DD2724 /* Frameworks */,
				010E75F11EB18E9000DD2724 /* Resources */,
			);
			buildRules = (
			);
			dependencies = (
			);
			name = Prueba1;
			productName = Prueba1;
			productReference = 010E75F31EB18E9000DD2724 /* Prueba1.app */;
			productType = "com.apple.product-type.application";
		};
		010E76061EB18E9000DD2724 /* Prueba1Tests */ = {
			isa = PBXNativeTarget;
			buildConfigurationList = 010E761E1EB18E9000DD2724 /* Build configuration list for PBXNativeTarget "Prueba1Tests" */;
			buildPhases = (
				010E76031EB18E9000DD2724 /* Sources */,
				010E76041EB18E9000DD2724 /* Frameworks */,
				010E76051EB18E9000DD2724 /* Resources */,
			);
			buildRules = (
			);
			dependencies = (
				010E76091EB18E9000DD2724 /* PBXTargetDependency */,
			);
			name = Prueba1Tests;
			productName = Prueba1Tests;
			productReference = 010E76071EB18E9000DD2724 /* Prueba1Tests.xctest */;
			productType = "com.apple.product-type.bundle.unit-test";
		};
		010E76111EB18E9000DD2724 /* Prueba1UITests */ = {
			isa = PBXNativeTarget;
			buildConfigurationList = 010E76211EB18E9000DD2724 /* Build configuration list for PBXNativeTarget "Prueba1UITests" */;
			buildPhases = (
				010E760E1EB18E9000DD2724 /* Sources */,
				010E760F1EB18E9000DD2724 /* Frameworks */,
				010E76101EB18E9000DD2724 /* Resources */,
			);
			buildRules = (
			);
			dependencies = (
				010E76141EB18E9000DD2724 /* PBXTargetDependency */,
			);
			name = Prueba1UITests;
			productName = Prueba1UITests;
			productReference = 010E76121EB18E9000DD2724 /* Prueba1UITests.xctest */;
			productType = "com.apple.product-type.bundle.ui-testing";
		};
/* End PBXNativeTarget section */

/* Begin PBXProject section */
		010E75EB1EB18E9000DD2724 /* Project object */ = {
			isa = PBXProject;
			attributes = {
				LastSwiftUpdateCheck = 0830;
				LastUpgradeCheck = 0830;
				ORGANIZATIONNAME = "Marco Monroy";
				TargetAttributes = {
					010E75F21EB18E9000DD2724 = {
						CreatedOnToolsVersion = 8.3.2;
						ProvisioningStyle = Automatic;
					};
					010E76061EB18E9000DD2724 = {
						CreatedOnToolsVersion = 8.3.2;
						ProvisioningStyle = Automatic;
						TestTargetID = 010E75F21EB18E9000DD2724;
					};
					010E76111EB18E9000DD2724 = {
						CreatedOnToolsVersion = 8.3.2;
						ProvisioningStyle = Automatic;
						TestTargetID = 010E75F21EB18E9000DD2724;
					};
				};
			};
			buildConfigurationList = 010E75EE1EB18E9000DD2724 /* Build configuration list for PBXProject "Prueba1" */;
			compatibilityVersion = "Xcode 3.2";
			developmentRegion = English;
			hasScannedForEncodings = 0;
			knownRegions = (
				en,
				Base,
			);
			mainGroup = 010E75EA1EB18E9000DD2724;
			productRefGroup = 010E75F41EB18E9000DD2724 /* Products */;
			projectDirPath = "";
			projectRoot = "";
			targets = (
				010E75F21EB18E9000DD2724 /* Prueba1 */,
				010E76061EB18E9000DD2724 /* Prueba1Tests */,
				010E76111EB18E9000DD2724 /* Prueba1UITests */,
			);
		};
/* End PBXProject section */

/* Begin PBXResourcesBuildPhase section */
		010E75F11EB18E9000DD2724 /* Resources */ = {
			isa = PBXResourcesBuildPhase;
			buildActionMask = 2147483647;
			files = (
				010E76011EB18E9000DD2724 /* LaunchScreen.storyboard in Resources */,
				010E75FE1EB18E9000DD2724 /* Assets.xcassets in Resources */,
				010E75FC1EB18E9000DD2724 /* Main.storyboard in Resources */,
			);
			runOnlyForDeploymentPostprocessing = 0;
		};
		010E76051EB18E9000DD2724 /* Resources */ = {
			isa = PBXResourcesBuildPhase;
			buildActionMask = 2147483647;
			files = (
			);
			runOnlyForDeploymentPostprocessing = 0;
		};
		010E76101EB18E9000DD2724 /* Resources */ = {
			isa = PBXResourcesBuildPhase;
			buildActionMask = 2147483647;
			files = (
			);
			runOnlyForDeploymentPostprocessing = 0;
		};
/* End PBXResourcesBuildPhase section */

/* Begin PBXSourcesBuildPhase section */
		010E75EF1EB18E9000DD2724 /* Sources */ = {
			isa = PBXSourcesBuildPhase;
			buildActionMask = 2147483647;
			files = (
				010E75F91EB18E9000DD2724 /* ViewController.swift in Sources */,
				010E75F71EB18E9000DD2724 /* AppDelegate.swift in Sources */,
			);
			runOnlyForDeploymentPostprocessing = 0;
		};
		010E76031EB18E9000DD2724 /* Sources */ = {
			isa = PBXSourcesBuildPhase;
			buildActionMask = 2147483647;
			files = (
				010E760C1EB18E9000DD2724 /* Prueba1Tests.swift in Sources */,
			);
			runOnlyForDeploymentPostprocessing = 0;
		};
		010E760E1EB18E9000DD2724 /* Sources */ = {
			isa = PBXSourcesBuildPhase;
			buildActionMask = 2147483647;
			files = (
				010E76171EB18E9000DD2724 /* Prueba1UITests.swift in Sources */,
			);
			runOnlyForDeploymentPostprocessing = 0;
		};
/* End PBXSourcesBuildPhase section */

/* Begin PBXTargetDependency section */
		010E76091EB18E9000DD2724 /* PBXTargetDependency */ = {
			isa = PBXTargetDependency;
			target = 010E75F21EB18E9000DD2724 /* Prueba1 */;
			targetProxy = 010E76081EB18E9000DD2724 /* PBXContainerItemProxy */;
		};
		010E76141EB18E9000DD2724 /* PBXTargetDependency */ = {
			isa = PBXTargetDependency;
			target = 010E75F21EB18E9000DD2724 /* Prueba1 */;
			targetProxy = 010E76131EB18E9000DD2724 /* PBXContainerItemProxy */;
		};
/* End PBXTargetDependency section */

/* Begin PBXVariantGroup section */
		010E75FA1EB18E9000DD2724 /* Main.storyboard */ = {
			isa = PBXVariantGroup;
			children = (
				010E75FB1EB18E9000DD2724 /* Base */,
			);
			name = Main.storyboard;
			sourceTree = "<group>";
		};
		010E75FF1EB18E9000DD2724 /* LaunchScreen.storyboard */ = {
			isa = PBXVariantGroup;
			children = (
				010E76001EB18E9000DD2724 /* Base */,
			);
			name = LaunchScreen.storyboard;
			sourceTree = "<group>";
		};
/* End PBXVariantGroup section */

/* Begin XCBuildConfiguration section */
		010E76191EB18E9000DD2724 /* Debug */ = {
			isa = XCBuildConfiguration;
			buildSettings = {
				ALWAYS_SEARCH_USER_PATHS = NO;
				CLANG_ANALYZER_NONNULL = YES;
				CLANG_ANALYZER_NUMBER_OBJECT_CONVERSION = YES_AGGRESSIVE;
				CLANG_CXX_LANGUAGE_STANDARD = "gnu++0x";
				CLANG_CXX_LIBRARY = "libc++";
				CLANG_ENABLE_MODULES = YES;
				CLANG_ENABLE_OBJC_ARC = YES;
				CLANG_WARN_BOOL_CONVERSION = YES;
				CLANG_WARN_CONSTANT_CONVERSION = YES;
				CLANG_WARN_DIRECT_OBJC_ISA_USAGE = YES_ERROR;
				CLANG_WARN_DOCUMENTATION_COMMENTS = YES;
				CLANG_WARN_EMPTY_BODY = YES;
				CLANG_WARN_ENUM_CONVERSION = YES;
				CLANG_WARN_INFINITE_RECURSION = YES;
				CLANG_WARN_INT_CONVERSION = YES;
				CLANG_WARN_OBJC_ROOT_CLASS = YES_ERROR;
				CLANG_WARN_SUSPICIOUS_MOVE = YES;
				CLANG_WARN_UNREACHABLE_CODE = YES;
				CLANG_WARN__DUPLICATE_METHOD_MATCH = YES;
				"CODE_SIGN_IDENTITY[sdk=iphoneos*]" = "iPhone Developer";
				COPY_PHASE_STRIP = NO;
				DEBUG_INFORMATION_FORMAT = dwarf;
				ENABLE_STRICT_OBJC_MSGSEND = YES;
				ENABLE_TESTABILITY = YES;
				GCC_C_LANGUAGE_STANDARD = gnu99;
				GCC_DYNAMIC_NO_PIC = NO;
				GCC_NO_COMMON_BLOCKS = YES;
				GCC_OPTIMIZATION_LEVEL = 0;
				GCC_PREPROCESSOR_DEFINITIONS = (
					"DEBUG=1",
					"$(inherited)",
				);
				GCC_WARN_64_TO_32_BIT_CONVERSION = YES;
				GCC_WARN_ABOUT_RETURN_TYPE = YES_ERROR;
				GCC_WARN_UNDECLARED_SELECTOR = YES;
				GCC_WARN_UNINITIALIZED_AUTOS = YES_AGGRESSIVE;
				GCC_WARN_UNUSED_FUNCTION = YES;
				GCC_WARN_UNUSED_VARIABLE = YES;
				IPHONEOS_DEPLOYMENT_TARGET = 10.3;
				MTL_ENABLE_DEBUG_INFO = YES;
				ONLY_ACTIVE_ARCH = YES;
				SDKROOT = iphoneos;
				SWIFT_ACTIVE_COMPILATION_CONDITIONS = DEBUG;
				SWIFT_OPTIMIZATION_LEVEL = "-Onone";
			};
			name = Debug;
		};
		010E761A1EB18E9000DD2724 /* Release */ = {
			isa = XCBuildConfiguration;
			buildSettings = {
				ALWAYS_SEARCH_USER_PATHS = NO;
				CLANG_ANALYZER_NONNULL = YES;
				CLANG_ANALYZER_NUMBER_OBJECT_CONVERSION = YES_AGGRESSIVE;
				CLANG_CXX_LANGUAGE_STANDARD = "gnu++0x";
				CLANG_CXX_LIBRARY = "libc++";
				CLANG_ENABLE_MODULES = YES;
				CLANG_ENABLE_OBJC_ARC = YES;
				CLANG_WARN_BOOL_CONVERSION = YES;
				CLANG_WARN_CONSTANT_CONVERSION = YES;
				CLANG_WARN_DIRECT_OBJC_ISA_USAGE = YES_ERROR;
				CLANG_WARN_DOCUMENTATION_COMMENTS = YES;
				CLANG_WARN_EMPTY_BODY = YES;
				CLANG_WARN_ENUM_CONVERSION = YES;
				CLANG_WARN_INFINITE_RECURSION = YES;
				CLANG_WARN_INT_CONVERSION = YES;
				CLANG_WARN_OBJC_ROOT_CLASS = YES_ERROR;
				CLANG_WARN_SUSPICIOUS_MOVE = YES;
				CLANG_WARN_UNREACHABLE_CODE = YES;
				CLANG_WARN__DUPLICATE_METHOD_MATCH = YES;
				"CODE_SIGN_IDENTITY[sdk=iphoneos*]" = "iPhone Developer";
				COPY_PHASE_STRIP = NO;
				DEBUG_INFORMATION_FORMAT = "dwarf-with-dsym";
				ENABLE_NS_ASSERTIONS = NO;
				ENABLE_STRICT_OBJC_MSGSEND = YES;
				GCC_C_LANGUAGE_STANDARD = gnu99;
				GCC_NO_COMMON_BLOCKS = YES;
				GCC_WARN_64_TO_32_BIT_CONVERSION = YES;
				GCC_WARN_ABOUT_RETURN_TYPE = YES_ERROR;
				GCC_WARN_UNDECLARED_SELECTOR = YES;
				GCC_WARN_UNINITIALIZED_AUTOS = YES_AGGRESSIVE;
				GCC_WARN_UNUSED_FUNCTION = YES;
				GCC_WARN_UNUSED_VARIABLE = YES;
				IPHONEOS_DEPLOYMENT_TARGET = 10.3;
				MTL_ENABLE_DEBUG_INFO = NO;
				SDKROOT = iphoneos;
				SWIFT_OPTIMIZATION_LEVEL = "-Owholemodule";
				VALIDATE_PRODUCT = YES;
			};
			name = Release;
		};
		010E761C1EB18E9000DD2724 /* Debug */ = {
			isa = XCBuildConfiguration;
			buildSettings = {
				ASSETCATALOG_COMPILER_APPICON_NAME = AppIcon;
				INFOPLIST_FILE = Prueba1/Info.plist;
				LD_RUNPATH_SEARCH_PATHS = "$(inherited) @executable_path/Frameworks";
				PRODUCT_BUNDLE_IDENTIFIER = Marco.Prueba1;
				PRODUCT_NAME = "$(TARGET_NAME)";
				SWIFT_VERSION = 3.0;
			};
			name = Debug;
		};
		010E761D1EB18E9000DD2724 /* Release */ = {
			isa = XCBuildConfiguration;
			buildSettings = {
				ASSETCATALOG_COMPILER_APPICON_NAME = AppIcon;
				INFOPLIST_FILE = Prueba1/Info.plist;
				LD_RUNPATH_SEARCH_PATHS = "$(inherited) @executable_path/Frameworks";
				PRODUCT_BUNDLE_IDENTIFIER = Marco.Prueba1;
				PRODUCT_NAME = "$(TARGET_NAME)";
				SWIFT_VERSION = 3.0;
			};
			name = Release;
		};
		010E761F1EB18E9000DD2724 /* Debug */ = {
			isa = XCBuildConfiguration;
			buildSettings = {
				ALWAYS_EMBED_SWIFT_STANDARD_LIBRARIES = YES;
				BUNDLE_LOADER = "$(TEST_HOST)";
				INFOPLIST_FILE = Prueba1Tests/Info.plist;
				LD_RUNPATH_SEARCH_PATHS = "$(inherited) @executable_path/Frameworks @loader_path/Frameworks";
				PRODUCT_BUNDLE_IDENTIFIER = Marco.Prueba1Tests;
				PRODUCT_NAME = "$(TARGET_NAME)";
				SWIFT_VERSION = 3.0;
				TEST_HOST = "$(BUILT_PRODUCTS_DIR)/Prueba1.app/Prueba1";
			};
			name = Debug;
		};
		010E76201EB18E9000DD2724 /* Release */ = {
			isa = XCBuildConfiguration;
			buildSettings = {
				ALWAYS_EMBED_SWIFT_STANDARD_LIBRARIES = YES;
				BUNDLE_LOADER = "$(TEST_HOST)";
				INFOPLIST_FILE = Prueba1Tests/Info.plist;
				LD_RUNPATH_SEARCH_PATHS = "$(inherited) @executable_path/Frameworks @loader_path/Frameworks";
				PRODUCT_BUNDLE_IDENTIFIER = Marco.Prueba1Tests;
				PRODUCT_NAME = "$(TARGET_NAME)";
				SWIFT_VERSION = 3.0;
				TEST_HOST = "$(BUILT_PRODUCTS_DIR)/Prueba1.app/Prueba1";
			};
			name = Release;
		};
		010E76221EB18E9000DD2724 /* Debug */ = {
			isa = XCBuildConfiguration;
			buildSettings = {
				ALWAYS_EMBED_SWIFT_STANDARD_LIBRARIES = YES;
				INFOPLIST_FILE = Prueba1UITests/Info.plist;
				LD_RUNPATH_SEARCH_PATHS = "$(inherited) @executable_path/Frameworks @loader_path/Frameworks";
				PRODUCT_BUNDLE_IDENTIFIER = Marco.Prueba1UITests;
				PRODUCT_NAME = "$(TARGET_NAME)";
				SWIFT_VERSION = 3.0;
				TEST_TARGET_NAME = Prueba1;
			};
			name = Debug;
		};
		010E76231EB18E9000DD2724 /* Release */ = {
			isa = XCBuildConfiguration;
			buildSettings = {
				ALWAYS_EMBED_SWIFT_STANDARD_LIBRARIES = YES;
				INFOPLIST_FILE = Prueba1UITests/Info.plist;
				LD_RUNPATH_SEARCH_PATHS = "$(inherited) @executable_path/Frameworks @loader_path/Frameworks";
				PRODUCT_BUNDLE_IDENTIFIER = Marco.Prueba1UITests;
				PRODUCT_NAME = "$(TARGET_NAME)";
				SWIFT_VERSION = 3.0;
				TEST_TARGET_NAME = Prueba1;
			};
			name = Release;
		};
/* End XCBuildConfiguration section */

/* Begin XCConfigurationList section */
		010E75EE1EB18E9000DD2724 /* Build configuration list for PBXProject "Prueba1" */ = {
			isa = XCConfigurationList;
			buildConfigurations = (
				010E76191EB18E9000DD2724 /* Debug */,
				010E761A1EB18E9000DD2724 /* Release */,
			);
			defaultConfigurationIsVisible = 0;
			defaultConfigurationName = Release;
		};
		010E761B1EB18E9000DD2724 /* Build configuration list for PBXNativeTarget "Prueba1" */ = {
			isa = XCConfigurationList;
			buildConfigurations = (
				010E761C1EB18E9000DD2724 /* Debug */,
				010E761D1EB18E9000DD2724 /* Release */,
			);
			defaultConfigurationIsVisible = 0;
		};
		010E761E1EB18E9000DD2724 /* Build configuration list for PBXNativeTarget "Prueba1Tests" */ = {
			isa = XCConfigurationList;
			buildConfigurations = (
				010E761F1EB18E9000DD2724 /* Debug */,
				010E76201EB18E9000DD2724 /* Release */,
			);
			defaultConfigurationIsVisible = 0;
		};
		010E76211EB18E9000DD2724 /* Build configuration list for PBXNativeTarget "Prueba1UITests" */ = {
			isa = XCConfigurationList;
			buildConfigurations = (
				010E76221EB18E9000DD2724 /* Debug */,
				010E76231EB18E9000DD2724 /* Release */,
			);
			defaultConfigurationIsVisible = 0;
		};
/* End XCConfigurationList section */
	};
	rootObject = 010E75EB1EB18E9000DD2724 /* Project object */;
}
